
Microsoft Visual Studio Solution File, Format Version 12.00
# Visual Studio Version 16
VisualStudioVersion = 16.0.31105.61
MinimumVisualStudioVersion = 10.0.40219.1
Project("{FAE04EC0-301F-11D3-BF4B-00C04F79EFBC}") = "FlowMeterPulseGUI", "FlowMeterPulseGUI\FlowMeterPulseGUI.csproj", "{7F3164E8-533D-4D4C-B3F8-71A9A5801EC4}"
EndProject
Global
	GlobalSection(SolutionConfigurationPlatforms) = preSolution
		Debug|Any CPU = Debug|Any CPU
		Release|Any CPU = Release|Any CPU
	EndGlobalSection
	GlobalSection(ProjectConfigurationPlatforms) = postSolution
		{7F3164E8-533D-4D4C-B3F8-71A9A5801EC4}.Debug|Any CPU.ActiveCfg = Debug|Any CPU
		{7F3164E8-533D-4D4C-B3F8-71A9A5801EC4}.Debug|Any CPU.Build.0 = Debug|Any CPU
		{7F3164E8-533D-4D4C-B3F8-71A9A5801EC4}.Release|Any CPU.ActiveCfg = Release|Any CPU
		{7F3164E8-533D-4D4C-B3F8-71A9A5801EC4}.Release|Any CPU.Build.0 = Release|Any CPU
	EndGlobalSection
	GlobalSection(SolutionProperties) = preSolution
		HideSolutionNode = FALSE
	EndGlobalSection
	GlobalSection(ExtensibilityGlobals) = postSolution
		SolutionGuid = {68EF5C8E-60F4-4399-83DF-E7C47EAF721F}
	EndGlobalSection
EndGlobal
